# THIS IS AN AUTOGENERATED FILE. DO NOT EDIT THIS FILE DIRECTLY.
# yarn lockfile v1


assemblyscript-json@0.2.0:
  version "0.2.0"
  resolved "https://registry.yarnpkg.com/assemblyscript-json/-/assemblyscript-json-0.2.0.tgz#e308c469547d26c7e9a7ef670a83b67061c7401c"
  integrity sha512-feJLBrec5O600QytfpkFb9oUYc+rANwtEUuSfIxVmjGcup4uR42maQTWOuIv8w/YOsHDMYHTXCwPQsuCynrwKA==

"bignum@github:MaxGraey/bignum.wasm":
  version "0.1.1"
  resolved "https://codeload.github.com/MaxGraey/bignum.wasm/tar.gz/5403267df2d9a6792fdc6d34f4f11854ccf49719"

"near-runtime-ts@github:nearprotocol/near-runtime-ts#update-bindgen":
  version "0.5.1"
  resolved "https://codeload.github.com/nearprotocol/near-runtime-ts/tar.gz/9a74547f1cc985f4c9373de310d7a85a39138199"
  dependencies:
    assemblyscript-json "0.2.0"
    bignum "github:MaxGraey/bignum.wasm"
